// !$*UTF8*$!
{
	archiveVersion = 1;
	classes = {
	};
	objectVersion = 46;
	objects = {

/* Begin PBXBuildFile section */
		0F80572D623AFFDB1B213260 /* libPods.a in Frameworks */ = {isa = PBXBuildFile; fileRef = 60DA1750019F6FCCC8877E9F /* libPods.a */; };
		6C1F01CE1A6B3AFE000C0A36 /* main.m in Sources */ = {isa = PBXBuildFile; fileRef = 6C1F01CD1A6B3AFE000C0A36 /* main.m */; };
		6C1F01D11A6B3AFE000C0A36 /* AppDelegate.m in Sources */ = {isa = PBXBuildFile; fileRef = 6C1F01D01A6B3AFE000C0A36 /* AppDelegate.m */; };
		6C1F01D71A6B3AFE000C0A36 /* Main.storyboard in Resources */ = {isa = PBXBuildFile; fileRef = 6C1F01D51A6B3AFE000C0A36 /* Main.storyboard */; };
		6C1F01D91A6B3AFE000C0A36 /* Images.xcassets in Resources */ = {isa = PBXBuildFile; fileRef = 6C1F01D81A6B3AFE000C0A36 /* Images.xcassets */; };
		6C1F01E81A6B3AFE000C0A36 /* Common_RootsTests.m in Sources */ = {isa = PBXBuildFile; fileRef = 6C1F01E71A6B3AFE000C0A36 /* Common_RootsTests.m */; };
		6C1F01F31A6B8061000C0A36 /* CRUser.m in Sources */ = {isa = PBXBuildFile; fileRef = 6C1F01F21A6B8061000C0A36 /* CRUser.m */; };
		6C1F01F61A6B806C000C0A36 /* CRCounselor.m in Sources */ = {isa = PBXBuildFile; fileRef = 6C1F01F51A6B806C000C0A36 /* CRCounselor.m */; };
		6C1F01FA1A6B8083000C0A36 /* CRConversation.m in Sources */ = {isa = PBXBuildFile; fileRef = 6C1F01F91A6B8083000C0A36 /* CRConversation.m */; };
		6C1F01FD1A6B809E000C0A36 /* CRConversationsViewController.m in Sources */ = {isa = PBXBuildFile; fileRef = 6C1F01FC1A6B809E000C0A36 /* CRConversationsViewController.m */; };
		6C1F02001A6B80AE000C0A36 /* CRCounselorsViewController.m in Sources */ = {isa = PBXBuildFile; fileRef = 6C1F01FF1A6B80AE000C0A36 /* CRCounselorsViewController.m */; };
		6C1F02031A6B80C6000C0A36 /* CRChatViewController.m in Sources */ = {isa = PBXBuildFile; fileRef = 6C1F02021A6B80C6000C0A36 /* CRChatViewController.m */; };
		6C1F020B1A6B840D000C0A36 /* CRLoginViewController.m in Sources */ = {isa = PBXBuildFile; fileRef = 6C1F020A1A6B840D000C0A36 /* CRLoginViewController.m */; };
		6C1F020E1A6B8715000C0A36 /* CRAuthenticationManager.m in Sources */ = {isa = PBXBuildFile; fileRef = 6C1F020D1A6B8715000C0A36 /* CRAuthenticationManager.m */; };
		6C1F02121A6B88C7000C0A36 /* CRConversationManager.m in Sources */ = {isa = PBXBuildFile; fileRef = 6C1F02111A6B88C7000C0A36 /* CRConversationManager.m */; };
		6C1F02151A6B9464000C0A36 /* CRNetworkRequest.m in Sources */ = {isa = PBXBuildFile; fileRef = 6C1F02141A6B9464000C0A36 /* CRNetworkRequest.m */; };
		6C1F021F1A6DE8F2000C0A36 /* UIColor+Common_Roots.m in Sources */ = {isa = PBXBuildFile; fileRef = 6C1F021E1A6DE8F2000C0A36 /* UIColor+Common_Roots.m */; };
		6C1F02221A6E1068000C0A36 /* alert.mp3 in Resources */ = {isa = PBXBuildFile; fileRef = 6C1F02211A6E1068000C0A36 /* alert.mp3 */; };
		6C7340C71A73892F00C078B1 /* CRLocalNotificationView.m in Sources */ = {isa = PBXBuildFile; fileRef = 6C7340C61A73892F00C078B1 /* CRLocalNotificationView.m */; };
		6C7340C91A745DEF00C078B1 /* placeholderIcon.png in Resources */ = {isa = PBXBuildFile; fileRef = 6C7340C81A745DEF00C078B1 /* placeholderIcon.png */; };
/* End PBXBuildFile section */

/* Begin PBXContainerItemProxy section */
		6C1F01E21A6B3AFE000C0A36 /* PBXContainerItemProxy */ = {
			isa = PBXContainerItemProxy;
			containerPortal = 6C1F01C01A6B3AFE000C0A36 /* Project object */;
			proxyType = 1;
			remoteGlobalIDString = 6C1F01C71A6B3AFE000C0A36;
			remoteInfo = "Common Roots";
		};
/* End PBXContainerItemProxy section */

/* Begin PBXFileReference section */
		3261BAB8B1E6688CA56AD454 /* Pods.release.xcconfig */ = {isa = PBXFileReference; includeInIndex = 1; lastKnownFileType = text.xcconfig; name = Pods.release.xcconfig; path = "Pods/Target Support Files/Pods/Pods.release.xcconfig"; sourceTree = "<group>"; };
		60DA1750019F6FCCC8877E9F /* libPods.a */ = {isa = PBXFileReference; explicitFileType = archive.ar; includeInIndex = 0; path = libPods.a; sourceTree = BUILT_PRODUCTS_DIR; };
		6C1F01C81A6B3AFE000C0A36 /* Common Roots.app */ = {isa = PBXFileReference; explicitFileType = wrapper.application; includeInIndex = 0; path = "Common Roots.app"; sourceTree = BUILT_PRODUCTS_DIR; };
		6C1F01CC1A6B3AFE000C0A36 /* Info.plist */ = {isa = PBXFileReference; lastKnownFileType = text.plist.xml; path = Info.plist; sourceTree = "<group>"; };
		6C1F01CD1A6B3AFE000C0A36 /* main.m */ = {isa = PBXFileReference; lastKnownFileType = sourcecode.c.objc; path = main.m; sourceTree = "<group>"; };
		6C1F01CF1A6B3AFE000C0A36 /* AppDelegate.h */ = {isa = PBXFileReference; lastKnownFileType = sourcecode.c.h; path = AppDelegate.h; sourceTree = "<group>"; };
		6C1F01D01A6B3AFE000C0A36 /* AppDelegate.m */ = {isa = PBXFileReference; lastKnownFileType = sourcecode.c.objc; path = AppDelegate.m; sourceTree = "<group>"; };
		6C1F01D61A6B3AFE000C0A36 /* Base */ = {isa = PBXFileReference; lastKnownFileType = file.storyboard; name = Base; path = Base.lproj/Main.storyboard; sourceTree = "<group>"; };
		6C1F01D81A6B3AFE000C0A36 /* Images.xcassets */ = {isa = PBXFileReference; lastKnownFileType = folder.assetcatalog; path = Images.xcassets; sourceTree = "<group>"; };
		6C1F01E11A6B3AFE000C0A36 /* Common RootsTests.xctest */ = {isa = PBXFileReference; explicitFileType = wrapper.cfbundle; includeInIndex = 0; path = "Common RootsTests.xctest"; sourceTree = BUILT_PRODUCTS_DIR; };
		6C1F01E61A6B3AFE000C0A36 /* Info.plist */ = {isa = PBXFileReference; lastKnownFileType = text.plist.xml; path = Info.plist; sourceTree = "<group>"; };
		6C1F01E71A6B3AFE000C0A36 /* Common_RootsTests.m */ = {isa = PBXFileReference; lastKnownFileType = sourcecode.c.objc; path = Common_RootsTests.m; sourceTree = "<group>"; };
		6C1F01F11A6B8061000C0A36 /* CRUser.h */ = {isa = PBXFileReference; fileEncoding = 4; lastKnownFileType = sourcecode.c.h; name = CRUser.h; path = Models/CRUser.h; sourceTree = "<group>"; };
		6C1F01F21A6B8061000C0A36 /* CRUser.m */ = {isa = PBXFileReference; fileEncoding = 4; lastKnownFileType = sourcecode.c.objc; name = CRUser.m; path = Models/CRUser.m; sourceTree = "<group>"; };
		6C1F01F41A6B806C000C0A36 /* CRCounselor.h */ = {isa = PBXFileReference; fileEncoding = 4; lastKnownFileType = sourcecode.c.h; name = CRCounselor.h; path = Models/CRCounselor.h; sourceTree = "<group>"; };
		6C1F01F51A6B806C000C0A36 /* CRCounselor.m */ = {isa = PBXFileReference; fileEncoding = 4; lastKnownFileType = sourcecode.c.objc; name = CRCounselor.m; path = Models/CRCounselor.m; sourceTree = "<group>"; };
		6C1F01F81A6B8083000C0A36 /* CRConversation.h */ = {isa = PBXFileReference; fileEncoding = 4; lastKnownFileType = sourcecode.c.h; name = CRConversation.h; path = Models/CRConversation.h; sourceTree = "<group>"; };
		6C1F01F91A6B8083000C0A36 /* CRConversation.m */ = {isa = PBXFileReference; fileEncoding = 4; lastKnownFileType = sourcecode.c.objc; name = CRConversation.m; path = Models/CRConversation.m; sourceTree = "<group>"; };
		6C1F01FB1A6B809E000C0A36 /* CRConversationsViewController.h */ = {isa = PBXFileReference; fileEncoding = 4; lastKnownFileType = sourcecode.c.h; name = CRConversationsViewController.h; path = Controllers/CRConversationsViewController.h; sourceTree = "<group>"; };
		6C1F01FC1A6B809E000C0A36 /* CRConversationsViewController.m */ = {isa = PBXFileReference; fileEncoding = 4; lastKnownFileType = sourcecode.c.objc; name = CRConversationsViewController.m; path = Controllers/CRConversationsViewController.m; sourceTree = "<group>"; };
		6C1F01FE1A6B80AE000C0A36 /* CRCounselorsViewController.h */ = {isa = PBXFileReference; fileEncoding = 4; lastKnownFileType = sourcecode.c.h; name = CRCounselorsViewController.h; path = Controllers/CRCounselorsViewController.h; sourceTree = "<group>"; };
		6C1F01FF1A6B80AE000C0A36 /* CRCounselorsViewController.m */ = {isa = PBXFileReference; fileEncoding = 4; lastKnownFileType = sourcecode.c.objc; name = CRCounselorsViewController.m; path = Controllers/CRCounselorsViewController.m; sourceTree = "<group>"; };
		6C1F02011A6B80C6000C0A36 /* CRChatViewController.h */ = {isa = PBXFileReference; fileEncoding = 4; lastKnownFileType = sourcecode.c.h; name = CRChatViewController.h; path = Controllers/CRChatViewController.h; sourceTree = "<group>"; };
		6C1F02021A6B80C6000C0A36 /* CRChatViewController.m */ = {isa = PBXFileReference; fileEncoding = 4; lastKnownFileType = sourcecode.c.objc; name = CRChatViewController.m; path = Controllers/CRChatViewController.m; sourceTree = "<group>"; };
		6C1F02091A6B840D000C0A36 /* CRLoginViewController.h */ = {isa = PBXFileReference; fileEncoding = 4; lastKnownFileType = sourcecode.c.h; name = CRLoginViewController.h; path = Controllers/CRLoginViewController.h; sourceTree = "<group>"; };
		6C1F020A1A6B840D000C0A36 /* CRLoginViewController.m */ = {isa = PBXFileReference; fileEncoding = 4; lastKnownFileType = sourcecode.c.objc; name = CRLoginViewController.m; path = Controllers/CRLoginViewController.m; sourceTree = "<group>"; };
		6C1F020C1A6B8715000C0A36 /* CRAuthenticationManager.h */ = {isa = PBXFileReference; fileEncoding = 4; lastKnownFileType = sourcecode.c.h; name = CRAuthenticationManager.h; path = Helpers/CRAuthenticationManager.h; sourceTree = "<group>"; };
		6C1F020D1A6B8715000C0A36 /* CRAuthenticationManager.m */ = {isa = PBXFileReference; fileEncoding = 4; lastKnownFileType = sourcecode.c.objc; name = CRAuthenticationManager.m; path = Helpers/CRAuthenticationManager.m; sourceTree = "<group>"; };
		6C1F02101A6B88C7000C0A36 /* CRConversationManager.h */ = {isa = PBXFileReference; fileEncoding = 4; lastKnownFileType = sourcecode.c.h; name = CRConversationManager.h; path = Helpers/CRConversationManager.h; sourceTree = "<group>"; };
		6C1F02111A6B88C7000C0A36 /* CRConversationManager.m */ = {isa = PBXFileReference; fileEncoding = 4; lastKnownFileType = sourcecode.c.objc; name = CRConversationManager.m; path = Helpers/CRConversationManager.m; sourceTree = "<group>"; };
		6C1F02131A6B9464000C0A36 /* CRNetworkRequest.h */ = {isa = PBXFileReference; fileEncoding = 4; lastKnownFileType = sourcecode.c.h; name = CRNetworkRequest.h; path = Helpers/CRNetworkRequest.h; sourceTree = "<group>"; };
		6C1F02141A6B9464000C0A36 /* CRNetworkRequest.m */ = {isa = PBXFileReference; fileEncoding = 4; lastKnownFileType = sourcecode.c.objc; name = CRNetworkRequest.m; path = Helpers/CRNetworkRequest.m; sourceTree = "<group>"; };
		6C1F021D1A6DE8F2000C0A36 /* UIColor+Common_Roots.h */ = {isa = PBXFileReference; fileEncoding = 4; lastKnownFileType = sourcecode.c.h; name = "UIColor+Common_Roots.h"; path = "Categories/UIColor+Common_Roots.h"; sourceTree = "<group>"; };
		6C1F021E1A6DE8F2000C0A36 /* UIColor+Common_Roots.m */ = {isa = PBXFileReference; fileEncoding = 4; lastKnownFileType = sourcecode.c.objc; name = "UIColor+Common_Roots.m"; path = "Categories/UIColor+Common_Roots.m"; sourceTree = "<group>"; };
		6C1F02211A6E1068000C0A36 /* alert.mp3 */ = {isa = PBXFileReference; lastKnownFileType = audio.mp3; path = alert.mp3; sourceTree = "<group>"; };
		6C7340C51A73892F00C078B1 /* CRLocalNotificationView.h */ = {isa = PBXFileReference; fileEncoding = 4; lastKnownFileType = sourcecode.c.h; name = CRLocalNotificationView.h; path = Views/CRLocalNotificationView.h; sourceTree = "<group>"; };
		6C7340C61A73892F00C078B1 /* CRLocalNotificationView.m */ = {isa = PBXFileReference; fileEncoding = 4; lastKnownFileType = sourcecode.c.objc; name = CRLocalNotificationView.m; path = Views/CRLocalNotificationView.m; sourceTree = "<group>"; };
		6C7340C81A745DEF00C078B1 /* placeholderIcon.png */ = {isa = PBXFileReference; lastKnownFileType = image.png; path = placeholderIcon.png; sourceTree = "<group>"; };
		821B3EE7673CA12B9C81E412 /* Pods.debug.xcconfig */ = {isa = PBXFileReference; includeInIndex = 1; lastKnownFileType = text.xcconfig; name = Pods.debug.xcconfig; path = "Pods/Target Support Files/Pods/Pods.debug.xcconfig"; sourceTree = "<group>"; };
/* End PBXFileReference section */

/* Begin PBXFrameworksBuildPhase section */
		6C1F01C51A6B3AFE000C0A36 /* Frameworks */ = {
			isa = PBXFrameworksBuildPhase;
			buildActionMask = 2147483647;
			files = (
				0F80572D623AFFDB1B213260 /* libPods.a in Frameworks */,
			);
			runOnlyForDeploymentPostprocessing = 0;
		};
		6C1F01DE1A6B3AFE000C0A36 /* Frameworks */ = {
			isa = PBXFrameworksBuildPhase;
			buildActionMask = 2147483647;
			files = (
			);
			runOnlyForDeploymentPostprocessing = 0;
		};
/* End PBXFrameworksBuildPhase section */

/* Begin PBXGroup section */
		6C1F01BF1A6B3AFE000C0A36 = {
			isa = PBXGroup;
			children = (
				6C1F01CA1A6B3AFE000C0A36 /* Common Roots */,
				6C1F01E41A6B3AFE000C0A36 /* Common RootsTests */,
				6C1F01C91A6B3AFE000C0A36 /* Products */,
				A6BB94F1C227CD29778A800F /* Pods */,
				B7431511A25DA8CDC5FC3021 /* Frameworks */,
			);
			sourceTree = "<group>";
		};
		6C1F01C91A6B3AFE000C0A36 /* Products */ = {
			isa = PBXGroup;
			children = (
				6C1F01C81A6B3AFE000C0A36 /* Common Roots.app */,
				6C1F01E11A6B3AFE000C0A36 /* Common RootsTests.xctest */,
			);
			name = Products;
			sourceTree = "<group>";
		};
		6C1F01CA1A6B3AFE000C0A36 /* Common Roots */ = {
			isa = PBXGroup;
			children = (
				6C1F01CF1A6B3AFE000C0A36 /* AppDelegate.h */,
				6C1F01D01A6B3AFE000C0A36 /* AppDelegate.m */,
				6C1F01D51A6B3AFE000C0A36 /* Main.storyboard */,
				6C1F02211A6E1068000C0A36 /* alert.mp3 */,
				6C7340C81A745DEF00C078B1 /* placeholderIcon.png */,
				6C1F02041A6B80C9000C0A36 /* Controllers */,
				6C1F02081A6B80E9000C0A36 /* Views */,
				6C1F01F71A6B8073000C0A36 /* Model */,
				6C1F020F1A6B8881000C0A36 /* Helpers */,
				6C1F02201A6DE8F5000C0A36 /* Categories */,
				6C1F01D81A6B3AFE000C0A36 /* Images.xcassets */,
				6C1F01CB1A6B3AFE000C0A36 /* Supporting Files */,
			);
			path = "Common Roots";
			sourceTree = "<group>";
		};
		6C1F01CB1A6B3AFE000C0A36 /* Supporting Files */ = {
			isa = PBXGroup;
			children = (
				6C1F01CC1A6B3AFE000C0A36 /* Info.plist */,
				6C1F01CD1A6B3AFE000C0A36 /* main.m */,
			);
			name = "Supporting Files";
			sourceTree = "<group>";
		};
		6C1F01E41A6B3AFE000C0A36 /* Common RootsTests */ = {
			isa = PBXGroup;
			children = (
				6C1F01E71A6B3AFE000C0A36 /* Common_RootsTests.m */,
				6C1F01E51A6B3AFE000C0A36 /* Supporting Files */,
			);
			path = "Common RootsTests";
			sourceTree = "<group>";
		};
		6C1F01E51A6B3AFE000C0A36 /* Supporting Files */ = {
			isa = PBXGroup;
			children = (
				6C1F01E61A6B3AFE000C0A36 /* Info.plist */,
			);
			name = "Supporting Files";
			sourceTree = "<group>";
		};
		6C1F01F71A6B8073000C0A36 /* Model */ = {
			isa = PBXGroup;
			children = (
				6C1F01F11A6B8061000C0A36 /* CRUser.h */,
				6C1F01F21A6B8061000C0A36 /* CRUser.m */,
				6C1F01F41A6B806C000C0A36 /* CRCounselor.h */,
				6C1F01F51A6B806C000C0A36 /* CRCounselor.m */,
				6C1F01F81A6B8083000C0A36 /* CRConversation.h */,
				6C1F01F91A6B8083000C0A36 /* CRConversation.m */,
			);
			name = Model;
			sourceTree = "<group>";
		};
		6C1F02041A6B80C9000C0A36 /* Controllers */ = {
			isa = PBXGroup;
			children = (
				6C1F02091A6B840D000C0A36 /* CRLoginViewController.h */,
				6C1F020A1A6B840D000C0A36 /* CRLoginViewController.m */,
				6C1F01FB1A6B809E000C0A36 /* CRConversationsViewController.h */,
				6C1F01FC1A6B809E000C0A36 /* CRConversationsViewController.m */,
				6C1F01FE1A6B80AE000C0A36 /* CRCounselorsViewController.h */,
				6C1F01FF1A6B80AE000C0A36 /* CRCounselorsViewController.m */,
				6C1F02011A6B80C6000C0A36 /* CRChatViewController.h */,
				6C1F02021A6B80C6000C0A36 /* CRChatViewController.m */,
			);
			name = Controllers;
			sourceTree = "<group>";
		};
		6C1F02081A6B80E9000C0A36 /* Views */ = {
			isa = PBXGroup;
			children = (
				6C7340C51A73892F00C078B1 /* CRLocalNotificationView.h */,
				6C7340C61A73892F00C078B1 /* CRLocalNotificationView.m */,
			);
			name = Views;
			sourceTree = "<group>";
		};
		6C1F020F1A6B8881000C0A36 /* Helpers */ = {
			isa = PBXGroup;
			children = (
				6C1F020C1A6B8715000C0A36 /* CRAuthenticationManager.h */,
				6C1F020D1A6B8715000C0A36 /* CRAuthenticationManager.m */,
				6C1F02101A6B88C7000C0A36 /* CRConversationManager.h */,
				6C1F02111A6B88C7000C0A36 /* CRConversationManager.m */,
				6C1F02131A6B9464000C0A36 /* CRNetworkRequest.h */,
				6C1F02141A6B9464000C0A36 /* CRNetworkRequest.m */,
			);
			name = Helpers;
			sourceTree = "<group>";
		};
		6C1F02201A6DE8F5000C0A36 /* Categories */ = {
			isa = PBXGroup;
			children = (
				6C1F021D1A6DE8F2000C0A36 /* UIColor+Common_Roots.h */,
				6C1F021E1A6DE8F2000C0A36 /* UIColor+Common_Roots.m */,
			);
			name = Categories;
			sourceTree = "<group>";
		};
		A6BB94F1C227CD29778A800F /* Pods */ = {
			isa = PBXGroup;
			children = (
				821B3EE7673CA12B9C81E412 /* Pods.debug.xcconfig */,
				3261BAB8B1E6688CA56AD454 /* Pods.release.xcconfig */,
			);
			name = Pods;
			sourceTree = "<group>";
		};
		B7431511A25DA8CDC5FC3021 /* Frameworks */ = {
			isa = PBXGroup;
			children = (
				60DA1750019F6FCCC8877E9F /* libPods.a */,
			);
			name = Frameworks;
			sourceTree = "<group>";
		};
/* End PBXGroup section */

/* Begin PBXNativeTarget section */
		6C1F01C71A6B3AFE000C0A36 /* Common Roots */ = {
			isa = PBXNativeTarget;
			buildConfigurationList = 6C1F01EB1A6B3AFE000C0A36 /* Build configuration list for PBXNativeTarget "Common Roots" */;
			buildPhases = (
				3BFEBEE51DBE8D2040D6A908 /* Check Pods Manifest.lock */,
				6C1F01C41A6B3AFE000C0A36 /* Sources */,
				6C1F01C51A6B3AFE000C0A36 /* Frameworks */,
				6C1F01C61A6B3AFE000C0A36 /* Resources */,
				EAD96C9B962F140748E3C9DD /* Copy Pods Resources */,
			);
			buildRules = (
			);
			dependencies = (
			);
			name = "Common Roots";
			productName = "Common Roots";
			productReference = 6C1F01C81A6B3AFE000C0A36 /* Common Roots.app */;
			productType = "com.apple.product-type.application";
		};
		6C1F01E01A6B3AFE000C0A36 /* Common RootsTests */ = {
			isa = PBXNativeTarget;
			buildConfigurationList = 6C1F01EE1A6B3AFE000C0A36 /* Build configuration list for PBXNativeTarget "Common RootsTests" */;
			buildPhases = (
				6C1F01DD1A6B3AFE000C0A36 /* Sources */,
				6C1F01DE1A6B3AFE000C0A36 /* Frameworks */,
				6C1F01DF1A6B3AFE000C0A36 /* Resources */,
			);
			buildRules = (
			);
			dependencies = (
				6C1F01E31A6B3AFE000C0A36 /* PBXTargetDependency */,
			);
			name = "Common RootsTests";
			productName = "Common RootsTests";
			productReference = 6C1F01E11A6B3AFE000C0A36 /* Common RootsTests.xctest */;
			productType = "com.apple.product-type.bundle.unit-test";
		};
/* End PBXNativeTarget section */

/* Begin PBXProject section */
		6C1F01C01A6B3AFE000C0A36 /* Project object */ = {
			isa = PBXProject;
			attributes = {
				LastUpgradeCheck = 0610;
				ORGANIZATIONNAME = "Parameter Labs";
				TargetAttributes = {
					6C1F01C71A6B3AFE000C0A36 = {
						CreatedOnToolsVersion = 6.1.1;
					};
					6C1F01E01A6B3AFE000C0A36 = {
						CreatedOnToolsVersion = 6.1.1;
						TestTargetID = 6C1F01C71A6B3AFE000C0A36;
					};
				};
			};
			buildConfigurationList = 6C1F01C31A6B3AFE000C0A36 /* Build configuration list for PBXProject "Common Roots" */;
			compatibilityVersion = "Xcode 3.2";
			developmentRegion = English;
			hasScannedForEncodings = 0;
			knownRegions = (
				en,
				Base,
			);
			mainGroup = 6C1F01BF1A6B3AFE000C0A36;
			productRefGroup = 6C1F01C91A6B3AFE000C0A36 /* Products */;
			projectDirPath = "";
			projectRoot = "";
			targets = (
				6C1F01C71A6B3AFE000C0A36 /* Common Roots */,
				6C1F01E01A6B3AFE000C0A36 /* Common RootsTests */,
			);
		};
/* End PBXProject section */

/* Begin PBXResourcesBuildPhase section */
		6C1F01C61A6B3AFE000C0A36 /* Resources */ = {
			isa = PBXResourcesBuildPhase;
			buildActionMask = 2147483647;
			files = (
				6C1F01D71A6B3AFE000C0A36 /* Main.storyboard in Resources */,
				6C1F01D91A6B3AFE000C0A36 /* Images.xcassets in Resources */,
				6C7340C91A745DEF00C078B1 /* placeholderIcon.png in Resources */,
				6C1F02221A6E1068000C0A36 /* alert.mp3 in Resources */,
			);
			runOnlyForDeploymentPostprocessing = 0;
		};
		6C1F01DF1A6B3AFE000C0A36 /* Resources */ = {
			isa = PBXResourcesBuildPhase;
			buildActionMask = 2147483647;
			files = (
			);
			runOnlyForDeploymentPostprocessing = 0;
		};
/* End PBXResourcesBuildPhase section */

/* Begin PBXShellScriptBuildPhase section */
		3BFEBEE51DBE8D2040D6A908 /* Check Pods Manifest.lock */ = {
			isa = PBXShellScriptBuildPhase;
			buildActionMask = 2147483647;
			files = (
			);
			inputPaths = (
			);
			name = "Check Pods Manifest.lock";
			outputPaths = (
			);
			runOnlyForDeploymentPostprocessing = 0;
			shellPath = /bin/sh;
			shellScript = "diff \"${PODS_ROOT}/../Podfile.lock\" \"${PODS_ROOT}/Manifest.lock\" > /dev/null\nif [[ $? != 0 ]] ; then\n    cat << EOM\nerror: The sandbox is not in sync with the Podfile.lock. Run 'pod install' or update your CocoaPods installation.\nEOM\n    exit 1\nfi\n";
			showEnvVarsInLog = 0;
		};
		EAD96C9B962F140748E3C9DD /* Copy Pods Resources */ = {
			isa = PBXShellScriptBuildPhase;
			buildActionMask = 2147483647;
			files = (
			);
			inputPaths = (
			);
			name = "Copy Pods Resources";
			outputPaths = (
			);
			runOnlyForDeploymentPostprocessing = 0;
			shellPath = /bin/sh;
			shellScript = "\"${SRCROOT}/Pods/Target Support Files/Pods/Pods-resources.sh\"\n";
			showEnvVarsInLog = 0;
		};
/* End PBXShellScriptBuildPhase section */

/* Begin PBXSourcesBuildPhase section */
		6C1F01C41A6B3AFE000C0A36 /* Sources */ = {
			isa = PBXSourcesBuildPhase;
			buildActionMask = 2147483647;
			files = (
				6C1F020E1A6B8715000C0A36 /* CRAuthenticationManager.m in Sources */,
				6C1F01D11A6B3AFE000C0A36 /* AppDelegate.m in Sources */,
				6C1F02151A6B9464000C0A36 /* CRNetworkRequest.m in Sources */,
				6C1F01F31A6B8061000C0A36 /* CRUser.m in Sources */,
				6C1F01FD1A6B809E000C0A36 /* CRConversationsViewController.m in Sources */,
				6C1F021F1A6DE8F2000C0A36 /* UIColor+Common_Roots.m in Sources */,
				6C1F02121A6B88C7000C0A36 /* CRConversationManager.m in Sources */,
				6C7340C71A73892F00C078B1 /* CRLocalNotificationView.m in Sources */,
				6C1F01FA1A6B8083000C0A36 /* CRConversation.m in Sources */,
				6C1F02001A6B80AE000C0A36 /* CRCounselorsViewController.m in Sources */,
				6C1F02031A6B80C6000C0A36 /* CRChatViewController.m in Sources */,
				6C1F020B1A6B840D000C0A36 /* CRLoginViewController.m in Sources */,
				6C1F01CE1A6B3AFE000C0A36 /* main.m in Sources */,
				6C1F01F61A6B806C000C0A36 /* CRCounselor.m in Sources */,
			);
			runOnlyForDeploymentPostprocessing = 0;
		};
		6C1F01DD1A6B3AFE000C0A36 /* Sources */ = {
			isa = PBXSourcesBuildPhase;
			buildActionMask = 2147483647;
			files = (
				6C1F01E81A6B3AFE000C0A36 /* Common_RootsTests.m in Sources */,
			);
			runOnlyForDeploymentPostprocessing = 0;
		};
/* End PBXSourcesBuildPhase section */

/* Begin PBXTargetDependency section */
		6C1F01E31A6B3AFE000C0A36 /* PBXTargetDependency */ = {
			isa = PBXTargetDependency;
			target = 6C1F01C71A6B3AFE000C0A36 /* Common Roots */;
			targetProxy = 6C1F01E21A6B3AFE000C0A36 /* PBXContainerItemProxy */;
		};
/* End PBXTargetDependency section */

/* Begin PBXVariantGroup section */
		6C1F01D51A6B3AFE000C0A36 /* Main.storyboard */ = {
			isa = PBXVariantGroup;
			children = (
				6C1F01D61A6B3AFE000C0A36 /* Base */,
			);
			name = Main.storyboard;
			sourceTree = "<group>";
		};
/* End PBXVariantGroup section */

/* Begin XCBuildConfiguration section */
		6C1F01E91A6B3AFE000C0A36 /* Debug */ = {
			isa = XCBuildConfiguration;
			buildSettings = {
				ALWAYS_SEARCH_USER_PATHS = NO;
				CLANG_CXX_LANGUAGE_STANDARD = "gnu++0x";
				CLANG_CXX_LIBRARY = "libc++";
				CLANG_ENABLE_MODULES = YES;
				CLANG_ENABLE_OBJC_ARC = YES;
				CLANG_WARN_BOOL_CONVERSION = YES;
				CLANG_WARN_CONSTANT_CONVERSION = YES;
				CLANG_WARN_DIRECT_OBJC_ISA_USAGE = YES_ERROR;
				CLANG_WARN_EMPTY_BODY = YES;
				CLANG_WARN_ENUM_CONVERSION = YES;
				CLANG_WARN_INT_CONVERSION = YES;
				CLANG_WARN_OBJC_ROOT_CLASS = YES_ERROR;
				CLANG_WARN_UNREACHABLE_CODE = YES;
				CLANG_WARN__DUPLICATE_METHOD_MATCH = YES;
				"CODE_SIGN_IDENTITY[sdk=iphoneos*]" = "iPhone Developer";
				COPY_PHASE_STRIP = NO;
				ENABLE_STRICT_OBJC_MSGSEND = YES;
				GCC_C_LANGUAGE_STANDARD = gnu99;
				GCC_DYNAMIC_NO_PIC = NO;
				GCC_OPTIMIZATION_LEVEL = 0;
				GCC_PREPROCESSOR_DEFINITIONS = (
					"DEBUG=1",
					"$(inherited)",
				);
				GCC_SYMBOLS_PRIVATE_EXTERN = NO;
				GCC_WARN_64_TO_32_BIT_CONVERSION = YES;
				GCC_WARN_ABOUT_RETURN_TYPE = YES_ERROR;
				GCC_WARN_UNDECLARED_SELECTOR = YES;
				GCC_WARN_UNINITIALIZED_AUTOS = YES_AGGRESSIVE;
				GCC_WARN_UNUSED_FUNCTION = YES;
				GCC_WARN_UNUSED_VARIABLE = YES;
				IPHONEOS_DEPLOYMENT_TARGET = 8.1;
				MTL_ENABLE_DEBUG_INFO = YES;
				ONLY_ACTIVE_ARCH = YES;
				SDKROOT = iphoneos;
			};
			name = Debug;
		};
		6C1F01EA1A6B3AFE000C0A36 /* Release */ = {
			isa = XCBuildConfiguration;
			buildSettings = {
				ALWAYS_SEARCH_USER_PATHS = NO;
				CLANG_CXX_LANGUAGE_STANDARD = "gnu++0x";
				CLANG_CXX_LIBRARY = "libc++";
				CLANG_ENABLE_MODULES = YES;
				CLANG_ENABLE_OBJC_ARC = YES;
				CLANG_WARN_BOOL_CONVERSION = YES;
				CLANG_WARN_CONSTANT_CONVERSION = YES;
				CLANG_WARN_DIRECT_OBJC_ISA_USAGE = YES_ERROR;
				CLANG_WARN_EMPTY_BODY = YES;
				CLANG_WARN_ENUM_CONVERSION = YES;
				CLANG_WARN_INT_CONVERSION = YES;
				CLANG_WARN_OBJC_ROOT_CLASS = YES_ERROR;
				CLANG_WARN_UNREACHABLE_CODE = YES;
				CLANG_WARN__DUPLICATE_METHOD_MATCH = YES;
				"CODE_SIGN_IDENTITY[sdk=iphoneos*]" = "iPhone Developer";
				COPY_PHASE_STRIP = YES;
				ENABLE_NS_ASSERTIONS = NO;
				ENABLE_STRICT_OBJC_MSGSEND = YES;
				GCC_C_LANGUAGE_STANDARD = gnu99;
				GCC_WARN_64_TO_32_BIT_CONVERSION = YES;
				GCC_WARN_ABOUT_RETURN_TYPE = YES_ERROR;
				GCC_WARN_UNDECLARED_SELECTOR = YES;
				GCC_WARN_UNINITIALIZED_AUTOS = YES_AGGRESSIVE;
				GCC_WARN_UNUSED_FUNCTION = YES;
				GCC_WARN_UNUSED_VARIABLE = YES;
				IPHONEOS_DEPLOYMENT_TARGET = 8.1;
				MTL_ENABLE_DEBUG_INFO = NO;
				SDKROOT = iphoneos;
				VALIDATE_PRODUCT = YES;
			};
			name = Release;
		};
		6C1F01EC1A6B3AFE000C0A36 /* Debug */ = {
			isa = XCBuildConfiguration;
			baseConfigurationReference = 821B3EE7673CA12B9C81E412 /* Pods.debug.xcconfig */;
			buildSettings = {
				ASSETCATALOG_COMPILER_APPICON_NAME = AppIcon;
				INFOPLIST_FILE = "Common Roots/Info.plist";
				LD_RUNPATH_SEARCH_PATHS = "$(inherited) @executable_path/Frameworks";
				PRODUCT_NAME = "$(TARGET_NAME)";
			};
			name = Debug;
		};
		6C1F01ED1A6B3AFE000C0A36 /* Release */ = {
			isa = XCBuildConfiguration;
			baseConfigurationReference = 3261BAB8B1E6688CA56AD454 /* Pods.release.xcconfig */;
			buildSettings = {
				ASSETCATALOG_COMPILER_APPICON_NAME = AppIcon;
				INFOPLIST_FILE = "Common Roots/Info.plist";
				LD_RUNPATH_SEARCH_PATHS = "$(inherited) @executable_path/Frameworks";
				PRODUCT_NAME = "$(TARGET_NAME)";
			};
			name = Release;
		};
		6C1F01EF1A6B3AFE000C0A36 /* Debug */ = {
			isa = XCBuildConfiguration;
			buildSettings = {
				BUNDLE_LOADER = "$(TEST_HOST)";
				FRAMEWORK_SEARCH_PATHS = (
					"$(SDKROOT)/Developer/Library/Frameworks",
					"$(inherited)",
				);
				GCC_PREPROCESSOR_DEFINITIONS = (
					"DEBUG=1",
					"$(inherited)",
				);
				INFOPLIST_FILE = "Common RootsTests/Info.plist";
				LD_RUNPATH_SEARCH_PATHS = "$(inherited) @executable_path/Frameworks @loader_path/Frameworks";
				PRODUCT_NAME = "$(TARGET_NAME)";
				TEST_HOST = "$(BUILT_PRODUCTS_DIR)/Common Roots.app/Common Roots";
			};
			name = Debug;
		};
		6C1F01F01A6B3AFE000C0A36 /* Release */ = {
			isa = XCBuildConfiguration;
			buildSettings = {
				BUNDLE_LOADER = "$(TEST_HOST)";
				FRAMEWORK_SEARCH_PATHS = (
					"$(SDKROOT)/Developer/Library/Frameworks",
					"$(inherited)",
				);
				INFOPLIST_FILE = "Common RootsTests/Info.plist";
				LD_RUNPATH_SEARCH_PATHS = "$(inherited) @executable_path/Frameworks @loader_path/Frameworks";
				PRODUCT_NAME = "$(TARGET_NAME)";
				TEST_HOST = "$(BUILT_PRODUCTS_DIR)/Common Roots.app/Common Roots";
			};
			name = Release;
		};
/* End XCBuildConfiguration section */

/* Begin XCConfigurationList section */
		6C1F01C31A6B3AFE000C0A36 /* Build configuration list for PBXProject "Common Roots" */ = {
			isa = XCConfigurationList;
			buildConfigurations = (
				6C1F01E91A6B3AFE000C0A36 /* Debug */,
				6C1F01EA1A6B3AFE000C0A36 /* Release */,
			);
			defaultConfigurationIsVisible = 0;
			defaultConfigurationName = Release;
		};
		6C1F01EB1A6B3AFE000C0A36 /* Build configuration list for PBXNativeTarget "Common Roots" */ = {
			isa = XCConfigurationList;
			buildConfigurations = (
				6C1F01EC1A6B3AFE000C0A36 /* Debug */,
				6C1F01ED1A6B3AFE000C0A36 /* Release */,
			);
			defaultConfigurationIsVisible = 0;
			defaultConfigurationName = Release;
		};
		6C1F01EE1A6B3AFE000C0A36 /* Build configuration list for PBXNativeTarget "Common RootsTests" */ = {
			isa = XCConfigurationList;
			buildConfigurations = (
				6C1F01EF1A6B3AFE000C0A36 /* Debug */,
				6C1F01F01A6B3AFE000C0A36 /* Release */,
			);
			defaultConfigurationIsVisible = 0;
			defaultConfigurationName = Release;
		};
/* End XCConfigurationList section */
	};
	rootObject = 6C1F01C01A6B3AFE000C0A36 /* Project object */;
}
